
Microsoft Visual Studio Solution File, Format Version 12.00
# Visual Studio 14
VisualStudioVersion = 14.0.25123.0
MinimumVisualStudioVersion = 10.0.40219.1
Project("{8BC9CEB8-8B4A-11D0-8D11-00A0C91BC942}") = "ds", "ds.vcxproj", "{DE156D48-B099-4911-9FF4-F93D5466E6AA}"
EndProject
Project("{8BC9CEB8-8B4A-11D0-8D11-00A0C91BC942}") = "migong_stack", "..\migong_stack\migong_stack.vcxproj", "{2A94233C-E6C8-4D98-9109-A3B144B28FD9}"
EndProject
Project("{8BC9CEB8-8B4A-11D0-8D11-00A0C91BC942}") = "migong_queue", "..\migong_queue\migong_queue.vcxproj", "{1520A1D6-5094-4A25-9D09-2066DED89D9A}"
EndProject
Project("{8BC9CEB8-8B4A-11D0-8D11-00A0C91BC942}") = "migong_recursion", "migong_recursion\migong_recursion.vcxproj", "{45B1336C-3E2D-4257-BD67-AEB2CEDA4AAD}"
EndProject
Project("{8BC9CEB8-8B4A-11D0-8D11-00A0C91BC942}") = "strstr_KMP", "..\strstr_KMP\strstr_KMP.vcxproj", "{9D5F2601-33BE-4758-B9B0-BA95E6E33529}"
EndProject
Project("{8BC9CEB8-8B4A-11D0-8D11-00A0C91BC942}") = "bitree", "..\bitree\bitree.vcxproj", "{7997A3E1-2109-41F4-9900-3073500B178E}"
EndProject
Project("{8BC9CEB8-8B4A-11D0-8D11-00A0C91BC942}") = "thread_bitree", "..\thread_bitree\thread_bitree.vcxproj", "{F2FF9A41-259E-4BCF-9685-168378436638}"
EndProject
Project("{8BC9CEB8-8B4A-11D0-8D11-00A0C91BC942}") = "huffman_tree", "..\huffman_tree\huffman_tree.vcxproj", "{C7FB64BA-D861-422F-AD1F-F38CD26B0E48}"
EndProject
Project("{8BC9CEB8-8B4A-11D0-8D11-00A0C91BC942}") = "graph_matrix", "..\graphics_matrix\graphics_matrix.vcxproj", "{0127B488-DEC0-4B33-809C-25521A6A0D55}"
EndProject
Project("{8BC9CEB8-8B4A-11D0-8D11-00A0C91BC942}") = "graph_list", "..\graph_list\graph_list.vcxproj", "{27BC6937-1DDF-4C30-990E-E96C978ACF64}"
EndProject
Project("{8BC9CEB8-8B4A-11D0-8D11-00A0C91BC942}") = "find_linear", "..\find_linear\find_linear.vcxproj", "{C39D6E9D-E4A0-4CE9-A8B4-C0524E5880FB}"
EndProject
Project("{8BC9CEB8-8B4A-11D0-8D11-00A0C91BC942}") = "find_BST_AVL", "..\find_BST_AVL\find_BST_AVL.vcxproj", "{A5CA539C-B2C3-4B12-B8FF-466F5E34A015}"
EndProject
Global
	GlobalSection(SolutionConfigurationPlatforms) = preSolution
		Debug|x64 = Debug|x64
		Debug|x86 = Debug|x86
		Release|x64 = Release|x64
		Release|x86 = Release|x86
	EndGlobalSection
	GlobalSection(ProjectConfigurationPlatforms) = postSolution
		{DE156D48-B099-4911-9FF4-F93D5466E6AA}.Debug|x64.ActiveCfg = Debug|x64
		{DE156D48-B099-4911-9FF4-F93D5466E6AA}.Debug|x64.Build.0 = Debug|x64
		{DE156D48-B099-4911-9FF4-F93D5466E6AA}.Debug|x86.ActiveCfg = Debug|Win32
		{DE156D48-B099-4911-9FF4-F93D5466E6AA}.Debug|x86.Build.0 = Debug|Win32
		{DE156D48-B099-4911-9FF4-F93D5466E6AA}.Release|x64.ActiveCfg = Release|x64
		{DE156D48-B099-4911-9FF4-F93D5466E6AA}.Release|x64.Build.0 = Release|x64
		{DE156D48-B099-4911-9FF4-F93D5466E6AA}.Release|x86.ActiveCfg = Release|Win32
		{DE156D48-B099-4911-9FF4-F93D5466E6AA}.Release|x86.Build.0 = Release|Win32
		{2A94233C-E6C8-4D98-9109-A3B144B28FD9}.Debug|x64.ActiveCfg = Debug|x64
		{2A94233C-E6C8-4D98-9109-A3B144B28FD9}.Debug|x64.Build.0 = Debug|x64
		{2A94233C-E6C8-4D98-9109-A3B144B28FD9}.Debug|x86.ActiveCfg = Debug|Win32
		{2A94233C-E6C8-4D98-9109-A3B144B28FD9}.Debug|x86.Build.0 = Debug|Win32
		{2A94233C-E6C8-4D98-9109-A3B144B28FD9}.Release|x64.ActiveCfg = Release|x64
		{2A94233C-E6C8-4D98-9109-A3B144B28FD9}.Release|x64.Build.0 = Release|x64
		{2A94233C-E6C8-4D98-9109-A3B144B28FD9}.Release|x86.ActiveCfg = Release|Win32
		{2A94233C-E6C8-4D98-9109-A3B144B28FD9}.Release|x86.Build.0 = Release|Win32
		{1520A1D6-5094-4A25-9D09-2066DED89D9A}.Debug|x64.ActiveCfg = Debug|x64
		{1520A1D6-5094-4A25-9D09-2066DED89D9A}.Debug|x64.Build.0 = Debug|x64
		{1520A1D6-5094-4A25-9D09-2066DED89D9A}.Debug|x86.ActiveCfg = Debug|Win32
		{1520A1D6-5094-4A25-9D09-2066DED89D9A}.Debug|x86.Build.0 = Debug|Win32
		{1520A1D6-5094-4A25-9D09-2066DED89D9A}.Release|x64.ActiveCfg = Release|x64
		{1520A1D6-5094-4A25-9D09-2066DED89D9A}.Release|x64.Build.0 = Release|x64
		{1520A1D6-5094-4A25-9D09-2066DED89D9A}.Release|x86.ActiveCfg = Release|Win32
		{1520A1D6-5094-4A25-9D09-2066DED89D9A}.Release|x86.Build.0 = Release|Win32
		{45B1336C-3E2D-4257-BD67-AEB2CEDA4AAD}.Debug|x64.ActiveCfg = Debug|x64
		{45B1336C-3E2D-4257-BD67-AEB2CEDA4AAD}.Debug|x64.Build.0 = Debug|x64
		{45B1336C-3E2D-4257-BD67-AEB2CEDA4AAD}.Debug|x86.ActiveCfg = Debug|Win32
		{45B1336C-3E2D-4257-BD67-AEB2CEDA4AAD}.Debug|x86.Build.0 = Debug|Win32
		{45B1336C-3E2D-4257-BD67-AEB2CEDA4AAD}.Release|x64.ActiveCfg = Release|x64
		{45B1336C-3E2D-4257-BD67-AEB2CEDA4AAD}.Release|x64.Build.0 = Release|x64
		{45B1336C-3E2D-4257-BD67-AEB2CEDA4AAD}.Release|x86.ActiveCfg = Release|Win32
		{45B1336C-3E2D-4257-BD67-AEB2CEDA4AAD}.Release|x86.Build.0 = Release|Win32
		{9D5F2601-33BE-4758-B9B0-BA95E6E33529}.Debug|x64.ActiveCfg = Debug|x64
		{9D5F2601-33BE-4758-B9B0-BA95E6E33529}.Debug|x64.Build.0 = Debug|x64
		{9D5F2601-33BE-4758-B9B0-BA95E6E33529}.Debug|x86.ActiveCfg = Debug|Win32
		{9D5F2601-33BE-4758-B9B0-BA95E6E33529}.Debug|x86.Build.0 = Debug|Win32
		{9D5F2601-33BE-4758-B9B0-BA95E6E33529}.Release|x64.ActiveCfg = Release|x64
		{9D5F2601-33BE-4758-B9B0-BA95E6E33529}.Release|x64.Build.0 = Release|x64
		{9D5F2601-33BE-4758-B9B0-BA95E6E33529}.Release|x86.ActiveCfg = Release|Win32
		{9D5F2601-33BE-4758-B9B0-BA95E6E33529}.Release|x86.Build.0 = Release|Win32
		{7997A3E1-2109-41F4-9900-3073500B178E}.Debug|x64.ActiveCfg = Debug|x64
		{7997A3E1-2109-41F4-9900-3073500B178E}.Debug|x64.Build.0 = Debug|x64
		{7997A3E1-2109-41F4-9900-3073500B178E}.Debug|x86.ActiveCfg = Debug|Win32
		{7997A3E1-2109-41F4-9900-3073500B178E}.Debug|x86.Build.0 = Debug|Win32
		{7997A3E1-2109-41F4-9900-3073500B178E}.Release|x64.ActiveCfg = Release|x64
		{7997A3E1-2109-41F4-9900-3073500B178E}.Release|x64.Build.0 = Release|x64
		{7997A3E1-2109-41F4-9900-3073500B178E}.Release|x86.ActiveCfg = Release|Win32
		{7997A3E1-2109-41F4-9900-3073500B178E}.Release|x86.Build.0 = Release|Win32
		{F2FF9A41-259E-4BCF-9685-168378436638}.Debug|x64.ActiveCfg = Debug|x64
		{F2FF9A41-259E-4BCF-9685-168378436638}.Debug|x64.Build.0 = Debug|x64
		{F2FF9A41-259E-4BCF-9685-168378436638}.Debug|x86.ActiveCfg = Debug|Win32
		{F2FF9A41-259E-4BCF-9685-168378436638}.Debug|x86.Build.0 = Debug|Win32
		{F2FF9A41-259E-4BCF-9685-168378436638}.Release|x64.ActiveCfg = Release|x64
		{F2FF9A41-259E-4BCF-9685-168378436638}.Release|x64.Build.0 = Release|x64
		{F2FF9A41-259E-4BCF-9685-168378436638}.Release|x86.ActiveCfg = Release|Win32
		{F2FF9A41-259E-4BCF-9685-168378436638}.Release|x86.Build.0 = Release|Win32
		{C7FB64BA-D861-422F-AD1F-F38CD26B0E48}.Debug|x64.ActiveCfg = Debug|x64
		{C7FB64BA-D861-422F-AD1F-F38CD26B0E48}.Debug|x64.Build.0 = Debug|x64
		{C7FB64BA-D861-422F-AD1F-F38CD26B0E48}.Debug|x86.ActiveCfg = Debug|Win32
		{C7FB64BA-D861-422F-AD1F-F38CD26B0E48}.Debug|x86.Build.0 = Debug|Win32
		{C7FB64BA-D861-422F-AD1F-F38CD26B0E48}.Release|x64.ActiveCfg = Release|x64
		{C7FB64BA-D861-422F-AD1F-F38CD26B0E48}.Release|x64.Build.0 = Release|x64
		{C7FB64BA-D861-422F-AD1F-F38CD26B0E48}.Release|x86.ActiveCfg = Release|Win32
		{C7FB64BA-D861-422F-AD1F-F38CD26B0E48}.Release|x86.Build.0 = Release|Win32
		{0127B488-DEC0-4B33-809C-25521A6A0D55}.Debug|x64.ActiveCfg = Debug|x64
		{0127B488-DEC0-4B33-809C-25521A6A0D55}.Debug|x64.Build.0 = Debug|x64
		{0127B488-DEC0-4B33-809C-25521A6A0D55}.Debug|x86.ActiveCfg = Debug|Win32
		{0127B488-DEC0-4B33-809C-25521A6A0D55}.Debug|x86.Build.0 = Debug|Win32
		{0127B488-DEC0-4B33-809C-25521A6A0D55}.Release|x64.ActiveCfg = Release|x64
		{0127B488-DEC0-4B33-809C-25521A6A0D55}.Release|x64.Build.0 = Release|x64
		{0127B488-DEC0-4B33-809C-25521A6A0D55}.Release|x86.ActiveCfg = Release|Win32
		{0127B488-DEC0-4B33-809C-25521A6A0D55}.Release|x86.Build.0 = Release|Win32
		{27BC6937-1DDF-4C30-990E-E96C978ACF64}.Debug|x64.ActiveCfg = Debug|x64
		{27BC6937-1DDF-4C30-990E-E96C978ACF64}.Debug|x64.Build.0 = Debug|x64
		{27BC6937-1DDF-4C30-990E-E96C978ACF64}.Debug|x86.ActiveCfg = Debug|Win32
		{27BC6937-1DDF-4C30-990E-E96C978ACF64}.Debug|x86.Build.0 = Debug|Win32
		{27BC6937-1DDF-4C30-990E-E96C978ACF64}.Release|x64.ActiveCfg = Release|x64
		{27BC6937-1DDF-4C30-990E-E96C978ACF64}.Release|x64.Build.0 = Release|x64
		{27BC6937-1DDF-4C30-990E-E96C978ACF64}.Release|x86.ActiveCfg = Release|Win32
		{27BC6937-1DDF-4C30-990E-E96C978ACF64}.Release|x86.Build.0 = Release|Win32
		{C39D6E9D-E4A0-4CE9-A8B4-C0524E5880FB}.Debug|x64.ActiveCfg = Debug|x64
		{C39D6E9D-E4A0-4CE9-A8B4-C0524E5880FB}.Debug|x64.Build.0 = Debug|x64
		{C39D6E9D-E4A0-4CE9-A8B4-C0524E5880FB}.Debug|x86.ActiveCfg = Debug|Win32
		{C39D6E9D-E4A0-4CE9-A8B4-C0524E5880FB}.Debug|x86.Build.0 = Debug|Win32
		{C39D6E9D-E4A0-4CE9-A8B4-C0524E5880FB}.Release|x64.ActiveCfg = Release|x64
		{C39D6E9D-E4A0-4CE9-A8B4-C0524E5880FB}.Release|x64.Build.0 = Release|x64
		{C39D6E9D-E4A0-4CE9-A8B4-C0524E5880FB}.Release|x86.ActiveCfg = Release|Win32
		{C39D6E9D-E4A0-4CE9-A8B4-C0524E5880FB}.Release|x86.Build.0 = Release|Win32
		{A5CA539C-B2C3-4B12-B8FF-466F5E34A015}.Debug|x64.ActiveCfg = Debug|x64
		{A5CA539C-B2C3-4B12-B8FF-466F5E34A015}.Debug|x64.Build.0 = Debug|x64
		{A5CA539C-B2C3-4B12-B8FF-466F5E34A015}.Debug|x86.ActiveCfg = Debug|Win32
		{A5CA539C-B2C3-4B12-B8FF-466F5E34A015}.Debug|x86.Build.0 = Debug|Win32
		{A5CA539C-B2C3-4B12-B8FF-466F5E34A015}.Release|x64.ActiveCfg = Release|x64
		{A5CA539C-B2C3-4B12-B8FF-466F5E34A015}.Release|x64.Build.0 = Release|x64
		{A5CA539C-B2C3-4B12-B8FF-466F5E34A015}.Release|x86.ActiveCfg = Release|Win32
		{A5CA539C-B2C3-4B12-B8FF-466F5E34A015}.Release|x86.Build.0 = Release|Win32
	EndGlobalSection
	GlobalSection(SolutionProperties) = preSolution
		HideSolutionNode = FALSE
	EndGlobalSection
EndGlobal
